
Microsoft Visual Studio Solution File, Format Version 11.00
# Visual Studio 2010
Project("{FAE04EC0-301F-11D3-BF4B-00C04F79EFBC}") = "Web", "Web\Web.csproj", "{D421F5E1-B95B-4F47-BC4A-598BF94D2F92}"
EndProject
Project("{FAE04EC0-301F-11D3-BF4B-00C04F79EFBC}") = "Test.Unit", "Test.Unit\Test.Unit.csproj", "{5D039EA5-41D9-47F0-802A-D3EF1BE16D7A}"
EndProject
Global
	GlobalSection(SubversionScc) = preSolution
		Svn-Managed = True
		Manager = AnkhSVN - Subversion Support for Visual Studio
	EndGlobalSection
	GlobalSection(SolutionConfigurationPlatforms) = preSolution
		Debug|Any CPU = Debug|Any CPU
		Release|Any CPU = Release|Any CPU
	EndGlobalSection
	GlobalSection(ProjectConfigurationPlatforms) = postSolution
		{D421F5E1-B95B-4F47-BC4A-598BF94D2F92}.Debug|Any CPU.ActiveCfg = Debug|Any CPU
		{D421F5E1-B95B-4F47-BC4A-598BF94D2F92}.Debug|Any CPU.Build.0 = Debug|Any CPU
		{D421F5E1-B95B-4F47-BC4A-598BF94D2F92}.Release|Any CPU.ActiveCfg = Release|Any CPU
		{D421F5E1-B95B-4F47-BC4A-598BF94D2F92}.Release|Any CPU.Build.0 = Release|Any CPU
		{5D039EA5-41D9-47F0-802A-D3EF1BE16D7A}.Debug|Any CPU.ActiveCfg = Debug|Any CPU
		{5D039EA5-41D9-47F0-802A-D3EF1BE16D7A}.Debug|Any CPU.Build.0 = Debug|Any CPU
		{5D039EA5-41D9-47F0-802A-D3EF1BE16D7A}.Release|Any CPU.ActiveCfg = Release|Any CPU
		{5D039EA5-41D9-47F0-802A-D3EF1BE16D7A}.Release|Any CPU.Build.0 = Release|Any CPU
	EndGlobalSection
	GlobalSection(SolutionProperties) = preSolution
		HideSolutionNode = FALSE
	EndGlobalSection
EndGlobal
